
Microsoft Visual Studio Solution File, Format Version 12.00
# Visual Studio Version 16
VisualStudioVersion = 16.0.31410.357
MinimumVisualStudioVersion = 10.0.40219.1
Project("{FAE04EC0-301F-11D3-BF4B-00C04F79EFBC}") = "Question4.WEEK5", "Question4.WEEK5\Question4.WEEK5.csproj", "{E2C014E8-3EDE-4567-B7CF-CF1065B87AFE}"
EndProject
Global
	GlobalSection(SolutionConfigurationPlatforms) = preSolution
		Debug|Any CPU = Debug|Any CPU
		Release|Any CPU = Release|Any CPU
	EndGlobalSection
	GlobalSection(ProjectConfigurationPlatforms) = postSolution
		{E2C014E8-3EDE-4567-B7CF-CF1065B87AFE}.Debug|Any CPU.ActiveCfg = Debug|Any CPU
		{E2C014E8-3EDE-4567-B7CF-CF1065B87AFE}.Debug|Any CPU.Build.0 = Debug|Any CPU
		{E2C014E8-3EDE-4567-B7CF-CF1065B87AFE}.Release|Any CPU.ActiveCfg = Release|Any CPU
		{E2C014E8-3EDE-4567-B7CF-CF1065B87AFE}.Release|Any CPU.Build.0 = Release|Any CPU
	EndGlobalSection
	GlobalSection(SolutionProperties) = preSolution
		HideSolutionNode = FALSE
	EndGlobalSection
	GlobalSection(ExtensibilityGlobals) = postSolution
		SolutionGuid = {EB62BE19-0239-461E-B527-1C3B1AC0C932}
	EndGlobalSection
EndGlobal
